
Microsoft Visual Studio Solution File, Format Version 12.00
# Visual Studio 15
VisualStudioVersion = 15.0.27703.2018
MinimumVisualStudioVersion = 10.0.40219.1
Project("{FAE04EC0-301F-11D3-BF4B-00C04F79EFBC}") = "eCommerce", "eCommerce\eCommerce.csproj", "{04EFB09F-8ABC-4D7D-95B7-766544D301E4}"
EndProject
Global
	GlobalSection(SolutionConfigurationPlatforms) = preSolution
		Debug|Any CPU = Debug|Any CPU
		Release|Any CPU = Release|Any CPU
	EndGlobalSection
	GlobalSection(ProjectConfigurationPlatforms) = postSolution
		{04EFB09F-8ABC-4D7D-95B7-766544D301E4}.Debug|Any CPU.ActiveCfg = Debug|Any CPU
		{04EFB09F-8ABC-4D7D-95B7-766544D301E4}.Debug|Any CPU.Build.0 = Debug|Any CPU
		{04EFB09F-8ABC-4D7D-95B7-766544D301E4}.Release|Any CPU.ActiveCfg = Release|Any CPU
		{04EFB09F-8ABC-4D7D-95B7-766544D301E4}.Release|Any CPU.Build.0 = Release|Any CPU
	EndGlobalSection
	GlobalSection(SolutionProperties) = preSolution
		HideSolutionNode = FALSE
	EndGlobalSection
	GlobalSection(ExtensibilityGlobals) = postSolution
		SolutionGuid = {74E13A1D-7006-4541-836F-3B60DFDE73FA}
	EndGlobalSection
EndGlobal
